
Microsoft Visual Studio Solution File, Format Version 12.00
# Visual Studio Version 17
VisualStudioVersion = 17.10.35027.167
MinimumVisualStudioVersion = 10.0.40219.1
Project("{9A19103F-16F7-4668-BE54-9A1E7A4F7556}") = "BulkyWeb", "BulkyWeb\BulkyWeb.csproj", "{638ABEB4-79DC-44D3-88F3-32BBD304E4F6}"
EndProject
Project("{9A19103F-16F7-4668-BE54-9A1E7A4F7556}") = "BulkyWebRazor_Temp", "BulkyWebRazor_Temp\BulkyWebRazor_Temp.csproj", "{C7BDA4DF-52C7-4492-87D7-4A07B9C9E64B}"
EndProject
Project("{FAE04EC0-301F-11D3-BF4B-00C04F79EFBC}") = "Bulky.DataAccess", "Bulky.DataAccess\Bulky.DataAccess.csproj", "{D5816D39-C183-404A-ADD3-CC121363DED3}"
EndProject
Project("{FAE04EC0-301F-11D3-BF4B-00C04F79EFBC}") = "Bulky.Models", "Bulky.Models\Bulky.Models.csproj", "{13911B80-6F99-4110-B108-24CFEDE5167D}"
EndProject
Project("{FAE04EC0-301F-11D3-BF4B-00C04F79EFBC}") = "Bulky.Utilities", "Bulky.Utility\Bulky.Utilities.csproj", "{D4B0BF56-089A-464F-AA1D-A1BC3A52EE51}"
EndProject
Global
	GlobalSection(SolutionConfigurationPlatforms) = preSolution
		Debug|Any CPU = Debug|Any CPU
		Release|Any CPU = Release|Any CPU
	EndGlobalSection
	GlobalSection(ProjectConfigurationPlatforms) = postSolution
		{638ABEB4-79DC-44D3-88F3-32BBD304E4F6}.Debug|Any CPU.ActiveCfg = Debug|Any CPU
		{638ABEB4-79DC-44D3-88F3-32BBD304E4F6}.Debug|Any CPU.Build.0 = Debug|Any CPU
		{638ABEB4-79DC-44D3-88F3-32BBD304E4F6}.Release|Any CPU.ActiveCfg = Release|Any CPU
		{638ABEB4-79DC-44D3-88F3-32BBD304E4F6}.Release|Any CPU.Build.0 = Release|Any CPU
		{C7BDA4DF-52C7-4492-87D7-4A07B9C9E64B}.Debug|Any CPU.ActiveCfg = Debug|Any CPU
		{C7BDA4DF-52C7-4492-87D7-4A07B9C9E64B}.Debug|Any CPU.Build.0 = Debug|Any CPU
		{C7BDA4DF-52C7-4492-87D7-4A07B9C9E64B}.Release|Any CPU.ActiveCfg = Release|Any CPU
		{C7BDA4DF-52C7-4492-87D7-4A07B9C9E64B}.Release|Any CPU.Build.0 = Release|Any CPU
		{D5816D39-C183-404A-ADD3-CC121363DED3}.Debug|Any CPU.ActiveCfg = Debug|Any CPU
		{D5816D39-C183-404A-ADD3-CC121363DED3}.Debug|Any CPU.Build.0 = Debug|Any CPU
		{D5816D39-C183-404A-ADD3-CC121363DED3}.Release|Any CPU.ActiveCfg = Release|Any CPU
		{D5816D39-C183-404A-ADD3-CC121363DED3}.Release|Any CPU.Build.0 = Release|Any CPU
		{13911B80-6F99-4110-B108-24CFEDE5167D}.Debug|Any CPU.ActiveCfg = Debug|Any CPU
		{13911B80-6F99-4110-B108-24CFEDE5167D}.Debug|Any CPU.Build.0 = Debug|Any CPU
		{13911B80-6F99-4110-B108-24CFEDE5167D}.Release|Any CPU.ActiveCfg = Release|Any CPU
		{13911B80-6F99-4110-B108-24CFEDE5167D}.Release|Any CPU.Build.0 = Release|Any CPU
		{D4B0BF56-089A-464F-AA1D-A1BC3A52EE51}.Debug|Any CPU.ActiveCfg = Debug|Any CPU
		{D4B0BF56-089A-464F-AA1D-A1BC3A52EE51}.Debug|Any CPU.Build.0 = Debug|Any CPU
		{D4B0BF56-089A-464F-AA1D-A1BC3A52EE51}.Release|Any CPU.ActiveCfg = Release|Any CPU
		{D4B0BF56-089A-464F-AA1D-A1BC3A52EE51}.Release|Any CPU.Build.0 = Release|Any CPU
	EndGlobalSection
	GlobalSection(SolutionProperties) = preSolution
		HideSolutionNode = FALSE
	EndGlobalSection
	GlobalSection(ExtensibilityGlobals) = postSolution
		SolutionGuid = {71C9950D-2BA7-4394-9730-B00F173CDADE}
	EndGlobalSection
EndGlobal
